
Microsoft Visual Studio Solution File, Format Version 12.00
# Visual Studio Version 16
VisualStudioVersion = 16.0.28803.156
MinimumVisualStudioVersion = 10.0.40219.1
Project("{FAE04EC0-301F-11D3-BF4B-00C04F79EFBC}") = "amoraagro", "Camara Service\amoraagro.csproj", "{F68D1D1B-BBF9-4E07-9887-783D1FADD1FE}"
EndProject
Global
	GlobalSection(SolutionConfigurationPlatforms) = preSolution
		Debug|Any CPU = Debug|Any CPU
		Release|Any CPU = Release|Any CPU
	EndGlobalSection
	GlobalSection(ProjectConfigurationPlatforms) = postSolution
		{F68D1D1B-BBF9-4E07-9887-783D1FADD1FE}.Debug|Any CPU.ActiveCfg = Debug|Any CPU
		{F68D1D1B-BBF9-4E07-9887-783D1FADD1FE}.Debug|Any CPU.Build.0 = Debug|Any CPU
		{F68D1D1B-BBF9-4E07-9887-783D1FADD1FE}.Release|Any CPU.ActiveCfg = Release|Any CPU
		{F68D1D1B-BBF9-4E07-9887-783D1FADD1FE}.Release|Any CPU.Build.0 = Release|Any CPU
	EndGlobalSection
	GlobalSection(SolutionProperties) = preSolution
		HideSolutionNode = FALSE
	EndGlobalSection
	GlobalSection(ExtensibilityGlobals) = postSolution
		SolutionGuid = {EE9D98E5-BAE2-4A63-A9FE-A16D5E6FC8A7}
	EndGlobalSection
EndGlobal
